# This file is generated by running "yarn install" inside your project.
# Manual changes might be lost - proceed with caution!

__metadata:
  version: 8
  cacheKey: 10c0

"empty-project@workspace:packages/empty-project":
  version: 0.0.0-use.local
  resolution: "empty-project@workspace:packages/empty-project"
  languageName: unknown
  linkType: soft

"js-tokens@npm:^3.0.0 || ^4.0.0":
  version: 4.0.0
  resolution: "js-tokens@npm:4.0.0"
  checksum: e248708d377aa058eacf2037b07ded847790e6de892bbad3dac0abba2e759cb9f121b00099a65195616badcb6eca8d14d975cb3e89eb1cfda644756402c8aeed
  languageName: node
  linkType: hard

"lodash@npm:1.3.1":
  version: 1.3.1
  resolution: "lodash@npm:1.3.1"
  checksum: e82fd34964e44afac3bfc87023be7e9c9568989eb4ebecf921a2143eb2073a05bb38040e185105d3bed1deb78cebbad19c4510897ba74f4616a7742aa3bd6257
  languageName: node
  linkType: hard

"lodash@npm:2.4.1":
  version: 2.4.1
  resolution: "lodash@npm:2.4.1"
  checksum: b4ddafc02fdf4a9f9e1fb47f73477d3d473a83b9764a09ab72cef08204684877d48e65ae57b43ef365ee2cad429827e813da05a920bf8f386c53900a3628718f
  languageName: node
  linkType: hard

"loose-envify@npm:^1.1.0, loose-envify@npm:^1.4.0":
  version: 1.4.0
  resolution: "loose-envify@npm:1.4.0"
  dependencies:
    js-tokens: "npm:^3.0.0 || ^4.0.0"
  bin:
    loose-envify: cli.js
  checksum: 655d110220983c1a4b9c0c679a2e8016d4b67f6e9c7b5435ff5979ecdb20d0813f4dec0a08674fcbdd4846a3f07edbb50a36811fd37930b94aaa0d9daceb017e
  languageName: node
  linkType: hard

"object-assign@npm:^4.1.1":
  version: 4.1.1
  resolution: "object-assign@npm:4.1.1"
  checksum: 1f4df9945120325d041ccf7b86f31e8bcc14e73d29171e37a7903050e96b81323784ec59f93f102ec635bcf6fa8034ba3ea0a8c7e69fa202b87ae3b6cec5a414
  languageName: node
  linkType: hard

"project-1@workspace:packages/project-1":
  version: 0.0.0-use.local
  resolution: "project-1@workspace:packages/project-1"
  dependencies:
    lodash: "npm:1.3.1"
  languageName: unknown
  linkType: soft

"project-2@workspace:packages/project-2":
  version: 0.0.0-use.local
  resolution: "project-2@workspace:packages/project-2"
  dependencies:
    lodash: "npm:2.4.1"
    react: "npm:^16.14.0"
    yup: "npm:^1.2.0"
  languageName: unknown
  linkType: soft

"prop-types@npm:^15.6.2":
  version: 15.8.1
  resolution: "prop-types@npm:15.8.1"
  dependencies:
    loose-envify: "npm:^1.4.0"
    object-assign: "npm:^4.1.1"
    react-is: "npm:^16.13.1"
  checksum: 59ece7ca2fb9838031d73a48d4becb9a7cc1ed10e610517c7d8f19a1e02fa47f7c27d557d8a5702bec3cfeccddc853579832b43f449e54635803f277b1c78077
  languageName: node
  linkType: hard

"property-expr@npm:^2.0.5":
  version: 2.0.5
  resolution: "property-expr@npm:2.0.5"
  checksum: adf05900e3b0fceca83e1318edba211aec089010e43807abe608165d37640f2e54133a261151d2593a9e93bf3ae98a5ac768c5153e14e7d2b09fc9db48237860
  languageName: node
  linkType: hard

"react-is@npm:^16.13.1":
  version: 16.13.1
  resolution: "react-is@npm:16.13.1"
  checksum: 33977da7a5f1a287936a0c85639fec6ca74f4f15ef1e59a6bc20338fc73dc69555381e211f7a3529b8150a1f71e4225525b41b60b52965bda53ce7d47377ada1
  languageName: node
  linkType: hard

"react@npm:^16.14.0":
  version: 16.14.0
  resolution: "react@npm:16.14.0"
  dependencies:
    loose-envify: "npm:^1.1.0"
    object-assign: "npm:^4.1.1"
    prop-types: "npm:^15.6.2"
  checksum: df8faae43e01387013900e8f8fb3c4ce9935b7edbcbaa77e12999c913eb958000a0a8750bf9a0886dae0ad768dd4a4ee983752d5bade8d840adbe0ce890a2438
  languageName: node
  linkType: hard

"tiny-case@npm:^1.0.3":
  version: 1.0.3
  resolution: "tiny-case@npm:1.0.3"
  checksum: c0cbed35884a322265e2cd61ff435168d1ea523f88bf3864ce14a238ae9169e732649776964283a66e4eb882e655992081d4daf8c865042e2233425866111b35
  languageName: node
  linkType: hard

"toposort@npm:^2.0.2":
  version: 2.0.2
  resolution: "toposort@npm:2.0.2"
  checksum: ab9ca91fce4b972ccae9e2f539d755bf799a0c7eb60da07fd985fce0f14c159ed1e92305ff55697693b5bc13e300f5417db90e2593b127d421c9f6c440950222
  languageName: node
  linkType: hard

"type-fest@npm:^2.19.0":
  version: 2.19.0
  resolution: "type-fest@npm:2.19.0"
  checksum: a5a7ecf2e654251613218c215c7493574594951c08e52ab9881c9df6a6da0aeca7528c213c622bc374b4e0cb5c443aa3ab758da4e3c959783ce884c3194e12cb
  languageName: node
  linkType: hard

"yarn-constraints@workspace:.":
  version: 0.0.0-use.local
  resolution: "yarn-constraints@workspace:."
  languageName: unknown
  linkType: soft

"yup@npm:^1.2.0":
  version: 1.2.0
  resolution: "yup@npm:1.2.0"
  dependencies:
    property-expr: "npm:^2.0.5"
    tiny-case: "npm:^1.0.3"
    toposort: "npm:^2.0.2"
    type-fest: "npm:^2.19.0"
  checksum: fa9f5491ab87e35a9c9cd5296992586850b9524853d52444dfe794a375df880a01b35c5c0364be457a9952f230ea9dd2a6f28d084c29b90abab9fdd84ee6f4c1
  languageName: node
  linkType: hard
