# This file is generated by running "yarn install" inside your project.
# Manual changes might be lost - proceed with caution!

__metadata:
  version: 8
  cacheKey: 10

"@yarnpkg/types@npm:^4.0.0-rc.50":
  version: 4.0.0-rc.50
  resolution: "@yarnpkg/types@npm:4.0.0-rc.50"
  dependencies:
    tslib: "npm:^2.4.0"
  checksum: 1c0e3b0ac7f9e643c700210dd79d3f462e485e859abb6b8ee1c12134459754b80cbaa6625c34cbb1450b366df838e93dec03f5798b2a61d13f367f66aec3fc4a
  languageName: node
  linkType: hard

"empty-project@workspace:packages/empty-project":
  version: 0.0.0-use.local
  resolution: "empty-project@workspace:packages/empty-project"
  languageName: unknown
  linkType: soft

"js-tokens@npm:^3.0.0 || ^4.0.0":
  version: 4.0.0
  resolution: "js-tokens@npm:4.0.0"
  checksum: af37d0d913fb56aec6dc0074c163cc71cd23c0b8aad5c2350747b6721d37ba118af35abdd8b33c47ec2800de07dedb16a527ca9c530ee004093e04958bd0cbf2
  languageName: node
  linkType: hard

"loose-envify@npm:^1.1.0, loose-envify@npm:^1.4.0":
  version: 1.4.0
  resolution: "loose-envify@npm:1.4.0"
  dependencies:
    js-tokens: "npm:^3.0.0 || ^4.0.0"
  bin:
    loose-envify: cli.js
  checksum: 6517e24e0cad87ec9888f500c5b5947032cdfe6ef65e1c1936a0c48a524b81e65542c9c3edc91c97d5bddc806ee2a985dbc79be89215d613b1de5db6d1cfe6f4
  languageName: node
  linkType: hard

"object-assign@npm:^4.1.1":
  version: 4.1.1
  resolution: "object-assign@npm:4.1.1"
  checksum: fcc6e4ea8c7fe48abfbb552578b1c53e0d194086e2e6bbbf59e0a536381a292f39943c6e9628af05b5528aa5e3318bb30d6b2e53cadaf5b8fe9e12c4b69af23f
  languageName: node
  linkType: hard

"project-1@workspace:packages/project-1":
  version: 0.0.0-use.local
  resolution: "project-1@workspace:packages/project-1"
  languageName: unknown
  linkType: soft

"project-2@workspace:packages/project-2":
  version: 0.0.0-use.local
  resolution: "project-2@workspace:packages/project-2"
  dependencies:
    react: "npm:^16.14.0"
    yup: "npm:^1.2.0"
  languageName: unknown
  linkType: soft

"prop-types@npm:^15.6.2":
  version: 15.8.1
  resolution: "prop-types@npm:15.8.1"
  dependencies:
    loose-envify: "npm:^1.4.0"
    object-assign: "npm:^4.1.1"
    react-is: "npm:^16.13.1"
  checksum: 7d959caec002bc964c86cdc461ec93108b27337dabe6192fb97d69e16a0c799a03462713868b40749bfc1caf5f57ef80ac3e4ffad3effa636ee667582a75e2c0
  languageName: node
  linkType: hard

"property-expr@npm:^2.0.5":
  version: 2.0.5
  resolution: "property-expr@npm:2.0.5"
  checksum: 4ebe82ce45aaf1527e96e2ab84d75d25217167ec3ff6378cf83a84fb4abc746e7c65768a79d275881602ae82f168f9a6dfaa7f5e331d0fcc83d692770bcce5f1
  languageName: node
  linkType: hard

"react-is@npm:^16.13.1":
  version: 16.13.1
  resolution: "react-is@npm:16.13.1"
  checksum: 5aa564a1cde7d391ac980bedee21202fc90bdea3b399952117f54fb71a932af1e5902020144fb354b4690b2414a0c7aafe798eb617b76a3d441d956db7726fdf
  languageName: node
  linkType: hard

"react@npm:^16.14.0":
  version: 16.14.0
  resolution: "react@npm:16.14.0"
  dependencies:
    loose-envify: "npm:^1.1.0"
    object-assign: "npm:^4.1.1"
    prop-types: "npm:^15.6.2"
  checksum: ee04c82f5ecb70fe15a48d8cfc3fb20ce2f7e65277d4adcb56a0ac2b82c54550d4c65eabce0d5dc0cc90d053831b9586d72ee515b11cdf0c5436c7f95aafdcda
  languageName: node
  linkType: hard

"tiny-case@npm:^1.0.3":
  version: 1.0.3
  resolution: "tiny-case@npm:1.0.3"
  checksum: 3f7a30c39d5b0e1bc097b0b271bec14eb5b836093db034f35a0de26c14422380b50dc12bfd37498cf35b192f5df06f28a710712c87ead68872a9e37ad6f6049d
  languageName: node
  linkType: hard

"toposort@npm:^2.0.2":
  version: 2.0.2
  resolution: "toposort@npm:2.0.2"
  checksum: 6f128353e4ed9739e49a28fb756b0a00f3752b29fc9b862ff781446598ee3b486cd229697feebc4eabd916eac5de219f3dae450c585bf13673f6b133a7226e06
  languageName: node
  linkType: hard

"tslib@npm:^2.4.0":
  version: 2.6.2
  resolution: "tslib@npm:2.6.2"
  checksum: bd26c22d36736513980091a1e356378e8b662ded04204453d353a7f34a4c21ed0afc59b5f90719d4ba756e581a162ecbf93118dc9c6be5acf70aa309188166ca
  languageName: node
  linkType: hard

"type-fest@npm:^2.19.0":
  version: 2.19.0
  resolution: "type-fest@npm:2.19.0"
  checksum: 7bf9e8fdf34f92c8bb364c0af14ca875fac7e0183f2985498b77be129dc1b3b1ad0a6b3281580f19e48c6105c037fb966ad9934520c69c6434d17fd0af4eed78
  languageName: node
  linkType: hard

"yarn-constraints@workspace:.":
  version: 0.0.0-use.local
  resolution: "yarn-constraints@workspace:."
  dependencies:
    "@yarnpkg/types": "npm:^4.0.0-rc.50"
  languageName: unknown
  linkType: soft

"yup@npm:^1.2.0":
  version: 1.2.0
  resolution: "yup@npm:1.2.0"
  dependencies:
    property-expr: "npm:^2.0.5"
    tiny-case: "npm:^1.0.3"
    toposort: "npm:^2.0.2"
    type-fest: "npm:^2.19.0"
  checksum: 34f61817c9a905f5effe51f492ab4d47311b0bc94ec3dd83ac57c64eaa0d8a4278e60e0e0b05acc941fbb15562bfcef07d361b6bbf2d34467906a00b0466d0cf
  languageName: node
  linkType: hard
